// !$*UTF8*$!
{
	archiveVersion = 1;
	classes = {
	};
	objectVersion = 52;
	objects = {

/* Begin PBXBuildFile section */
		6611900E272DF8FB006B94FA /* Nunito-Regular.ttf in Resources */ = {isa = PBXBuildFile; fileRef = 6611900D272DF8FA006B94FA /* Nunito-Regular.ttf */; };
		6622A4C727412594001D8588 /* Photos.swift in Sources */ = {isa = PBXBuildFile; fileRef = 6622A4C627412594001D8588 /* Photos.swift */; };
		6622A4C92741296B001D8588 /* MyCollectionViewCell.swift in Sources */ = {isa = PBXBuildFile; fileRef = 6622A4C82741296B001D8588 /* MyCollectionViewCell.swift */; };
		664FB1BA273D6A44001524BF /* SpotDetailViewController.swift in Sources */ = {isa = PBXBuildFile; fileRef = 664FB1B9273D6A44001524BF /* SpotDetailViewController.swift */; };
		665185E22737D34A00899019 /* ReviewTableViewCell.swift in Sources */ = {isa = PBXBuildFile; fileRef = 665185E12737D34A00899019 /* ReviewTableViewCell.swift */; };
		665185E427396F6800899019 /* UIViewController+getCurrentUsername.swift in Sources */ = {isa = PBXBuildFile; fileRef = 665185E327396F6800899019 /* UIViewController+getCurrentUsername.swift */; };
		665185E7273AC6AB00899019 /* Photo.swift in Sources */ = {isa = PBXBuildFile; fileRef = 665185E6273AC6AB00899019 /* Photo.swift */; };
		6659781B271822E000385F71 /* AppDelegate.swift in Sources */ = {isa = PBXBuildFile; fileRef = 6659781A271822E000385F71 /* AppDelegate.swift */; };
		6659781D271822E000385F71 /* SceneDelegate.swift in Sources */ = {isa = PBXBuildFile; fileRef = 6659781C271822E000385F71 /* SceneDelegate.swift */; };
		6659781F271822E000385F71 /* ViewController.swift in Sources */ = {isa = PBXBuildFile; fileRef = 6659781E271822E000385F71 /* ViewController.swift */; };
		66597822271822E000385F71 /* Main.storyboard in Resources */ = {isa = PBXBuildFile; fileRef = 66597820271822E000385F71 /* Main.storyboard */; };
		66597824271822E400385F71 /* Assets.xcassets in Resources */ = {isa = PBXBuildFile; fileRef = 66597823271822E400385F71 /* Assets.xcassets */; };
		66597827271822E400385F71 /* LaunchScreen.storyboard in Resources */ = {isa = PBXBuildFile; fileRef = 66597825271822E400385F71 /* LaunchScreen.storyboard */; };
		6663884627286340008AE2D3 /* UIViewController+currentDate.swift in Sources */ = {isa = PBXBuildFile; fileRef = 6663884527286340008AE2D3 /* UIViewController+currentDate.swift */; };
		667B90C22779A1850016F24D /* UserLocationManager.swift in Sources */ = {isa = PBXBuildFile; fileRef = 667B90C12779A1850016F24D /* UserLocationManager.swift */; };
		6683CC64271994870056ED55 /* ContentViewController.swift in Sources */ = {isa = PBXBuildFile; fileRef = 6683CC63271994870056ED55 /* ContentViewController.swift */; };
		6683CC662719B76F0056ED55 /* AddressSingelton.swift in Sources */ = {isa = PBXBuildFile; fileRef = 6683CC652719B76F0056ED55 /* AddressSingelton.swift */; };
		6683CC79271D646A0056ED55 /* HomeViewController.swift in Sources */ = {isa = PBXBuildFile; fileRef = 6683CC76271D64690056ED55 /* HomeViewController.swift */; };
		6683CC7A271D646A0056ED55 /* SignUpViewController.swift in Sources */ = {isa = PBXBuildFile; fileRef = 6683CC77271D64690056ED55 /* SignUpViewController.swift */; };
		6683CC7B271D646A0056ED55 /* LoginViewController.swift in Sources */ = {isa = PBXBuildFile; fileRef = 6683CC78271D64690056ED55 /* LoginViewController.swift */; };
		6683CC7D271D64F20056ED55 /* CustomUI.swift in Sources */ = {isa = PBXBuildFile; fileRef = 6683CC7C271D64F20056ED55 /* CustomUI.swift */; };
		6683CC81271D66F30056ED55 /* GoogleService-Info.plist in Resources */ = {isa = PBXBuildFile; fileRef = 6683CC80271D66F20056ED55 /* GoogleService-Info.plist */; };
		6683CC84271D68CA0056ED55 /* Spot.swift in Sources */ = {isa = PBXBuildFile; fileRef = 6683CC83271D68CA0056ED55 /* Spot.swift */; };
		668F878C273D2AC100C96694 /* FirebaseAppDistribution-Beta in Frameworks */ = {isa = PBXBuildFile; productRef = 668F878B273D2AC100C96694 /* FirebaseAppDistribution-Beta */; };
		668F878E273D2AC100C96694 /* FirebaseInAppMessaging-Beta in Frameworks */ = {isa = PBXBuildFile; productRef = 668F878D273D2AC100C96694 /* FirebaseInAppMessaging-Beta */; };
		668F8790273D2AC100C96694 /* FirebaseAnalyticsSwift-Beta in Frameworks */ = {isa = PBXBuildFile; productRef = 668F878F273D2AC100C96694 /* FirebaseAnalyticsSwift-Beta */; };
		668F8792273D2AC100C96694 /* FirebaseAnalyticsWithoutAdIdSupport in Frameworks */ = {isa = PBXBuildFile; productRef = 668F8791273D2AC100C96694 /* FirebaseAnalyticsWithoutAdIdSupport */; };
		668F8794273D2AC100C96694 /* FirebaseFirestore in Frameworks */ = {isa = PBXBuildFile; productRef = 668F8793273D2AC100C96694 /* FirebaseFirestore */; };
		668F8796273D2AC100C96694 /* FirebaseAuthCombine-Community in Frameworks */ = {isa = PBXBuildFile; productRef = 668F8795273D2AC100C96694 /* FirebaseAuthCombine-Community */; };
		668F8798273D2AC100C96694 /* FirebaseInstallations in Frameworks */ = {isa = PBXBuildFile; productRef = 668F8797273D2AC100C96694 /* FirebaseInstallations */; };
		668F879A273D2AC100C96694 /* FirebaseFunctionsCombine-Community in Frameworks */ = {isa = PBXBuildFile; productRef = 668F8799273D2AC100C96694 /* FirebaseFunctionsCombine-Community */; };
		668F879C273D2AC100C96694 /* FirebaseFirestoreSwift-Beta in Frameworks */ = {isa = PBXBuildFile; productRef = 668F879B273D2AC100C96694 /* FirebaseFirestoreSwift-Beta */; };
		668F879E273D2AC100C96694 /* FirebaseAnalytics in Frameworks */ = {isa = PBXBuildFile; productRef = 668F879D273D2AC100C96694 /* FirebaseAnalytics */; };
		668F87A0273D2AC100C96694 /* FirebaseDatabase in Frameworks */ = {isa = PBXBuildFile; productRef = 668F879F273D2AC100C96694 /* FirebaseDatabase */; };
		668F87A2273D2AC100C96694 /* FirebasePerformance in Frameworks */ = {isa = PBXBuildFile; productRef = 668F87A1273D2AC100C96694 /* FirebasePerformance */; };
		668F87A4273D2AC100C96694 /* FirebaseRemoteConfig in Frameworks */ = {isa = PBXBuildFile; productRef = 668F87A3273D2AC100C96694 /* FirebaseRemoteConfig */; };
		668F87A6273D2AC100C96694 /* FirebaseAppCheck in Frameworks */ = {isa = PBXBuildFile; productRef = 668F87A5273D2AC100C96694 /* FirebaseAppCheck */; };
		668F87A8273D2AC100C96694 /* FirebaseStorageCombine-Community in Frameworks */ = {isa = PBXBuildFile; productRef = 668F87A7273D2AC100C96694 /* FirebaseStorageCombine-Community */; };
		668F87AA273D2AC100C96694 /* FirebaseAuth in Frameworks */ = {isa = PBXBuildFile; productRef = 668F87A9273D2AC100C96694 /* FirebaseAuth */; };
		668F87AC273D2AC100C96694 /* FirebaseInAppMessagingSwift-Beta in Frameworks */ = {isa = PBXBuildFile; productRef = 668F87AB273D2AC100C96694 /* FirebaseInAppMessagingSwift-Beta */; };
		668F87AE273D2AC100C96694 /* FirebaseDatabaseSwift-Beta in Frameworks */ = {isa = PBXBuildFile; productRef = 668F87AD273D2AC100C96694 /* FirebaseDatabaseSwift-Beta */; };
		668F87B0273D2AC100C96694 /* FirebaseStorageSwift-Beta in Frameworks */ = {isa = PBXBuildFile; productRef = 668F87AF273D2AC100C96694 /* FirebaseStorageSwift-Beta */; };
		668F87B2273D2AC100C96694 /* FirebaseMLModelDownloader in Frameworks */ = {isa = PBXBuildFile; productRef = 668F87B1273D2AC100C96694 /* FirebaseMLModelDownloader */; };
		668F87B4273D2AC100C96694 /* FirebaseCrashlytics in Frameworks */ = {isa = PBXBuildFile; productRef = 668F87B3273D2AC100C96694 /* FirebaseCrashlytics */; };
		668F87B6273D2AC100C96694 /* FirebaseMessaging in Frameworks */ = {isa = PBXBuildFile; productRef = 668F87B5273D2AC100C96694 /* FirebaseMessaging */; };
		668F87B8273D2AC100C96694 /* FirebaseStorage in Frameworks */ = {isa = PBXBuildFile; productRef = 668F87B7273D2AC100C96694 /* FirebaseStorage */; };
		668F87BA273D2AC100C96694 /* FirebaseDynamicLinks in Frameworks */ = {isa = PBXBuildFile; productRef = 668F87B9273D2AC100C96694 /* FirebaseDynamicLinks */; };
		668F87BC273D2AC100C96694 /* FirebaseFunctions in Frameworks */ = {isa = PBXBuildFile; productRef = 668F87BB273D2AC100C96694 /* FirebaseFunctions */; };
		668F87BE273D2AC100C96694 /* FirebaseFirestoreCombine-Community in Frameworks */ = {isa = PBXBuildFile; productRef = 668F87BD273D2AC100C96694 /* FirebaseFirestoreCombine-Community */; };
		669DC2CD2733FED200F5999E /* ReviewViewController.swift in Sources */ = {isa = PBXBuildFile; fileRef = 669DC2CC2733FED200F5999E /* ReviewViewController.swift */; };
		669DC2D0273407A900F5999E /* Review.swift in Sources */ = {isa = PBXBuildFile; fileRef = 669DC2CF273407A900F5999E /* Review.swift */; };
		669DC2D22734113800F5999E /* Reviews.swift in Sources */ = {isa = PBXBuildFile; fileRef = 669DC2D12734113800F5999E /* Reviews.swift */; };
		66C9FB8427217E3A00A05FAA /* KayyarTableViewController.swift in Sources */ = {isa = PBXBuildFile; fileRef = 66C9FB8327217E3A00A05FAA /* KayyarTableViewController.swift */; };
		66C9FB862721814700A05FAA /* myTableViewCell.swift in Sources */ = {isa = PBXBuildFile; fileRef = 66C9FB852721814700A05FAA /* myTableViewCell.swift */; };
		66C9FB882721DAD000A05FAA /* Spots.swift in Sources */ = {isa = PBXBuildFile; fileRef = 66C9FB872721DAD000A05FAA /* Spots.swift */; };
		66C9FB8A2724862B00A05FAA /* UIViewController+avtivityIndicator.swift in Sources */ = {isa = PBXBuildFile; fileRef = 66C9FB892724862B00A05FAA /* UIViewController+avtivityIndicator.swift */; };
		66C9FB8E2728190B00A05FAA /* UIViewController+alert.swift in Sources */ = {isa = PBXBuildFile; fileRef = 66C9FB8D2728190B00A05FAA /* UIViewController+alert.swift */; };
		E27C3F7FC76F596F427AF302 /* Pods_mapKitPractice.framework in Frameworks */ = {isa = PBXBuildFile; fileRef = F89D40F80B8D79315A56A473 /* Pods_mapKitPractice.framework */; };
/* End PBXBuildFile section */

/* Begin PBXFileReference section */
		6611900D272DF8FA006B94FA /* Nunito-Regular.ttf */ = {isa = PBXFileReference; lastKnownFileType = file; path = "Nunito-Regular.ttf"; sourceTree = "<group>"; };
		6622A4C627412594001D8588 /* Photos.swift */ = {isa = PBXFileReference; lastKnownFileType = sourcecode.swift; path = Photos.swift; sourceTree = "<group>"; };
		6622A4C82741296B001D8588 /* MyCollectionViewCell.swift */ = {isa = PBXFileReference; lastKnownFileType = sourcecode.swift; path = MyCollectionViewCell.swift; sourceTree = "<group>"; };
		664FB1B9273D6A44001524BF /* SpotDetailViewController.swift */ = {isa = PBXFileReference; lastKnownFileType = sourcecode.swift; path = SpotDetailViewController.swift; sourceTree = "<group>"; };
		665185E12737D34A00899019 /* ReviewTableViewCell.swift */ = {isa = PBXFileReference; lastKnownFileType = sourcecode.swift; path = ReviewTableViewCell.swift; sourceTree = "<group>"; };
		665185E327396F6800899019 /* UIViewController+getCurrentUsername.swift */ = {isa = PBXFileReference; lastKnownFileType = sourcecode.swift; path = "UIViewController+getCurrentUsername.swift"; sourceTree = "<group>"; };
		665185E6273AC6AB00899019 /* Photo.swift */ = {isa = PBXFileReference; lastKnownFileType = sourcecode.swift; path = Photo.swift; sourceTree = "<group>"; };
		66597817271822E000385F71 /* mapKitPractice.app */ = {isa = PBXFileReference; explicitFileType = wrapper.application; includeInIndex = 0; path = mapKitPractice.app; sourceTree = BUILT_PRODUCTS_DIR; };
		6659781A271822E000385F71 /* AppDelegate.swift */ = {isa = PBXFileReference; lastKnownFileType = sourcecode.swift; path = AppDelegate.swift; sourceTree = "<group>"; };
		6659781C271822E000385F71 /* SceneDelegate.swift */ = {isa = PBXFileReference; lastKnownFileType = sourcecode.swift; path = SceneDelegate.swift; sourceTree = "<group>"; };
		6659781E271822E000385F71 /* ViewController.swift */ = {isa = PBXFileReference; lastKnownFileType = sourcecode.swift; path = ViewController.swift; sourceTree = "<group>"; };
		66597821271822E000385F71 /* Base */ = {isa = PBXFileReference; lastKnownFileType = file.storyboard; name = Base; path = Base.lproj/Main.storyboard; sourceTree = "<group>"; };
		66597823271822E400385F71 /* Assets.xcassets */ = {isa = PBXFileReference; lastKnownFileType = folder.assetcatalog; path = Assets.xcassets; sourceTree = "<group>"; };
		66597826271822E400385F71 /* Base */ = {isa = PBXFileReference; lastKnownFileType = file.storyboard; name = Base; path = Base.lproj/LaunchScreen.storyboard; sourceTree = "<group>"; };
		66597828271822E400385F71 /* Info.plist */ = {isa = PBXFileReference; lastKnownFileType = text.plist.xml; path = Info.plist; sourceTree = "<group>"; };
		6663884527286340008AE2D3 /* UIViewController+currentDate.swift */ = {isa = PBXFileReference; lastKnownFileType = sourcecode.swift; path = "UIViewController+currentDate.swift"; sourceTree = "<group>"; };
		667B90C12779A1850016F24D /* UserLocationManager.swift */ = {isa = PBXFileReference; lastKnownFileType = sourcecode.swift; path = UserLocationManager.swift; sourceTree = "<group>"; };
		6683CC63271994870056ED55 /* ContentViewController.swift */ = {isa = PBXFileReference; lastKnownFileType = sourcecode.swift; path = ContentViewController.swift; sourceTree = "<group>"; };
		6683CC652719B76F0056ED55 /* AddressSingelton.swift */ = {isa = PBXFileReference; lastKnownFileType = sourcecode.swift; path = AddressSingelton.swift; sourceTree = "<group>"; };
		6683CC76271D64690056ED55 /* HomeViewController.swift */ = {isa = PBXFileReference; fileEncoding = 4; lastKnownFileType = sourcecode.swift; path = HomeViewController.swift; sourceTree = "<group>"; };
		6683CC77271D64690056ED55 /* SignUpViewController.swift */ = {isa = PBXFileReference; fileEncoding = 4; lastKnownFileType = sourcecode.swift; path = SignUpViewController.swift; sourceTree = "<group>"; };
		6683CC78271D64690056ED55 /* LoginViewController.swift */ = {isa = PBXFileReference; fileEncoding = 4; lastKnownFileType = sourcecode.swift; path = LoginViewController.swift; sourceTree = "<group>"; };
		6683CC7C271D64F20056ED55 /* CustomUI.swift */ = {isa = PBXFileReference; fileEncoding = 4; lastKnownFileType = sourcecode.swift; path = CustomUI.swift; sourceTree = "<group>"; };
		6683CC80271D66F20056ED55 /* GoogleService-Info.plist */ = {isa = PBXFileReference; lastKnownFileType = text.plist; path = "GoogleService-Info.plist"; sourceTree = SOURCE_ROOT; };
		6683CC83271D68CA0056ED55 /* Spot.swift */ = {isa = PBXFileReference; lastKnownFileType = sourcecode.swift; path = Spot.swift; sourceTree = "<group>"; };
		669DC2CC2733FED200F5999E /* ReviewViewController.swift */ = {isa = PBXFileReference; lastKnownFileType = sourcecode.swift; path = ReviewViewController.swift; sourceTree = "<group>"; };
		669DC2CF273407A900F5999E /* Review.swift */ = {isa = PBXFileReference; lastKnownFileType = sourcecode.swift; path = Review.swift; sourceTree = "<group>"; };
		669DC2D12734113800F5999E /* Reviews.swift */ = {isa = PBXFileReference; lastKnownFileType = sourcecode.swift; path = Reviews.swift; sourceTree = "<group>"; };
		66C9FB8327217E3A00A05FAA /* KayyarTableViewController.swift */ = {isa = PBXFileReference; lastKnownFileType = sourcecode.swift; path = KayyarTableViewController.swift; sourceTree = "<group>"; };
		66C9FB852721814700A05FAA /* myTableViewCell.swift */ = {isa = PBXFileReference; lastKnownFileType = sourcecode.swift; path = myTableViewCell.swift; sourceTree = "<group>"; };
		66C9FB872721DAD000A05FAA /* Spots.swift */ = {isa = PBXFileReference; lastKnownFileType = sourcecode.swift; path = Spots.swift; sourceTree = "<group>"; };
		66C9FB892724862B00A05FAA /* UIViewController+avtivityIndicator.swift */ = {isa = PBXFileReference; lastKnownFileType = sourcecode.swift; path = "UIViewController+avtivityIndicator.swift"; sourceTree = "<group>"; };
		66C9FB8D2728190B00A05FAA /* UIViewController+alert.swift */ = {isa = PBXFileReference; lastKnownFileType = sourcecode.swift; path = "UIViewController+alert.swift"; sourceTree = "<group>"; };
		CCD87FDA92EBA27D5AF08E70 /* Pods-mapKitPractice.debug.xcconfig */ = {isa = PBXFileReference; includeInIndex = 1; lastKnownFileType = text.xcconfig; name = "Pods-mapKitPractice.debug.xcconfig"; path = "Target Support Files/Pods-mapKitPractice/Pods-mapKitPractice.debug.xcconfig"; sourceTree = "<group>"; };
		E217CC148FE33CBC6ADD7B2C /* Pods-mapKitPractice.release.xcconfig */ = {isa = PBXFileReference; includeInIndex = 1; lastKnownFileType = text.xcconfig; name = "Pods-mapKitPractice.release.xcconfig"; path = "Target Support Files/Pods-mapKitPractice/Pods-mapKitPractice.release.xcconfig"; sourceTree = "<group>"; };
		F89D40F80B8D79315A56A473 /* Pods_mapKitPractice.framework */ = {isa = PBXFileReference; explicitFileType = wrapper.framework; includeInIndex = 0; path = Pods_mapKitPractice.framework; sourceTree = BUILT_PRODUCTS_DIR; };
/* End PBXFileReference section */

/* Begin PBXFrameworksBuildPhase section */
		66597814271822E000385F71 /* Frameworks */ = {
			isa = PBXFrameworksBuildPhase;
			buildActionMask = 2147483647;
			files = (
				E27C3F7FC76F596F427AF302 /* Pods_mapKitPractice.framework in Frameworks */,
				668F8792273D2AC100C96694 /* FirebaseAnalyticsWithoutAdIdSupport in Frameworks */,
				668F87AA273D2AC100C96694 /* FirebaseAuth in Frameworks */,
				668F87BE273D2AC100C96694 /* FirebaseFirestoreCombine-Community in Frameworks */,
				668F87B6273D2AC100C96694 /* FirebaseMessaging in Frameworks */,
				668F879A273D2AC100C96694 /* FirebaseFunctionsCombine-Community in Frameworks */,
				668F87B8273D2AC100C96694 /* FirebaseStorage in Frameworks */,
				668F87A4273D2AC100C96694 /* FirebaseRemoteConfig in Frameworks */,
				668F87B4273D2AC100C96694 /* FirebaseCrashlytics in Frameworks */,
				668F87B0273D2AC100C96694 /* FirebaseStorageSwift-Beta in Frameworks */,
				668F87BC273D2AC100C96694 /* FirebaseFunctions in Frameworks */,
				668F87B2273D2AC100C96694 /* FirebaseMLModelDownloader in Frameworks */,
				668F878C273D2AC100C96694 /* FirebaseAppDistribution-Beta in Frameworks */,
				668F8798273D2AC100C96694 /* FirebaseInstallations in Frameworks */,
				668F8790273D2AC100C96694 /* FirebaseAnalyticsSwift-Beta in Frameworks */,
				668F87A0273D2AC100C96694 /* FirebaseDatabase in Frameworks */,
				668F879E273D2AC100C96694 /* FirebaseAnalytics in Frameworks */,
				668F878E273D2AC100C96694 /* FirebaseInAppMessaging-Beta in Frameworks */,
				668F87A8273D2AC100C96694 /* FirebaseStorageCombine-Community in Frameworks */,
				668F879C273D2AC100C96694 /* FirebaseFirestoreSwift-Beta in Frameworks */,
				668F87A2273D2AC100C96694 /* FirebasePerformance in Frameworks */,
				668F87BA273D2AC100C96694 /* FirebaseDynamicLinks in Frameworks */,
				668F87AE273D2AC100C96694 /* FirebaseDatabaseSwift-Beta in Frameworks */,
				668F8796273D2AC100C96694 /* FirebaseAuthCombine-Community in Frameworks */,
				668F87A6273D2AC100C96694 /* FirebaseAppCheck in Frameworks */,
				668F87AC273D2AC100C96694 /* FirebaseInAppMessagingSwift-Beta in Frameworks */,
				668F8794273D2AC100C96694 /* FirebaseFirestore in Frameworks */,
			);
			runOnlyForDeploymentPostprocessing = 0;
		};
/* End PBXFrameworksBuildPhase section */

/* Begin PBXGroup section */
		6611900F272DF907006B94FA /* Fonts */ = {
			isa = PBXGroup;
			children = (
				6611900D272DF8FA006B94FA /* Nunito-Regular.ttf */,
			);
			path = Fonts;
			sourceTree = "<group>";
		};
		665185E5273AC68A00899019 /* Photo */ = {
			isa = PBXGroup;
			children = (
				665185E6273AC6AB00899019 /* Photo.swift */,
				6622A4C627412594001D8588 /* Photos.swift */,
			);
			path = Photo;
			sourceTree = "<group>";
		};
		6659780E271822E000385F71 = {
			isa = PBXGroup;
			children = (
				66597819271822E000385F71 /* mapKitPractice */,
				66597818271822E000385F71 /* Products */,
				E1864614A828DF94F9056156 /* Pods */,
				A9B7D19B879AA5B3A635460B /* Frameworks */,
			);
			sourceTree = "<group>";
		};
		66597818271822E000385F71 /* Products */ = {
			isa = PBXGroup;
			children = (
				66597817271822E000385F71 /* mapKitPractice.app */,
			);
			name = Products;
			sourceTree = "<group>";
		};
		66597819271822E000385F71 /* mapKitPractice */ = {
			isa = PBXGroup;
			children = (
				667B90C02779A15B0016F24D /* UserLocationManager */,
				6611900F272DF907006B94FA /* Fonts */,
				667B90BF2778E2480016F24D /* Utils */,
				665185E5273AC68A00899019 /* Photo */,
				6683CC82271D68B60056ED55 /* Spot */,
				669DC2CE2734077500F5999E /* Review */,
				6683CC75271D63920056ED55 /* Authentication */,
				6659781E271822E000385F71 /* ViewController.swift */,
				66C9FB8327217E3A00A05FAA /* KayyarTableViewController.swift */,
				664FB1B9273D6A44001524BF /* SpotDetailViewController.swift */,
				6622A4C82741296B001D8588 /* MyCollectionViewCell.swift */,
				669DC2CC2733FED200F5999E /* ReviewViewController.swift */,
				66597820271822E000385F71 /* Main.storyboard */,
				66C9FB852721814700A05FAA /* myTableViewCell.swift */,
				6683CC63271994870056ED55 /* ContentViewController.swift */,
				66597823271822E400385F71 /* Assets.xcassets */,
				6659781A271822E000385F71 /* AppDelegate.swift */,
				6659781C271822E000385F71 /* SceneDelegate.swift */,
				6683CC80271D66F20056ED55 /* GoogleService-Info.plist */,
				66597825271822E400385F71 /* LaunchScreen.storyboard */,
				66597828271822E400385F71 /* Info.plist */,
				6683CC652719B76F0056ED55 /* AddressSingelton.swift */,
			);
			path = mapKitPractice;
			sourceTree = "<group>";
		};
		667B90BF2778E2480016F24D /* Utils */ = {
			isa = PBXGroup;
			children = (
				665185E327396F6800899019 /* UIViewController+getCurrentUsername.swift */,
				66C9FB8D2728190B00A05FAA /* UIViewController+alert.swift */,
				6663884527286340008AE2D3 /* UIViewController+currentDate.swift */,
				66C9FB892724862B00A05FAA /* UIViewController+avtivityIndicator.swift */,
			);
			path = Utils;
			sourceTree = "<group>";
		};
		667B90C02779A15B0016F24D /* UserLocationManager */ = {
			isa = PBXGroup;
			children = (
				667B90C12779A1850016F24D /* UserLocationManager.swift */,
			);
			path = UserLocationManager;
			sourceTree = "<group>";
		};
		6683CC75271D63920056ED55 /* Authentication */ = {
			isa = PBXGroup;
			children = (
				6683CC76271D64690056ED55 /* HomeViewController.swift */,
				6683CC78271D64690056ED55 /* LoginViewController.swift */,
				6683CC77271D64690056ED55 /* SignUpViewController.swift */,
				6683CC7C271D64F20056ED55 /* CustomUI.swift */,
			);
			path = Authentication;
			sourceTree = "<group>";
		};
		6683CC82271D68B60056ED55 /* Spot */ = {
			isa = PBXGroup;
			children = (
				66C9FB872721DAD000A05FAA /* Spots.swift */,
				6683CC83271D68CA0056ED55 /* Spot.swift */,
			);
			path = Spot;
			sourceTree = "<group>";
		};
		669DC2CE2734077500F5999E /* Review */ = {
			isa = PBXGroup;
			children = (
				669DC2CF273407A900F5999E /* Review.swift */,
				669DC2D12734113800F5999E /* Reviews.swift */,
				665185E12737D34A00899019 /* ReviewTableViewCell.swift */,
			);
			path = Review;
			sourceTree = "<group>";
		};
		A9B7D19B879AA5B3A635460B /* Frameworks */ = {
			isa = PBXGroup;
			children = (
				F89D40F80B8D79315A56A473 /* Pods_mapKitPractice.framework */,
			);
			name = Frameworks;
			sourceTree = "<group>";
		};
		E1864614A828DF94F9056156 /* Pods */ = {
			isa = PBXGroup;
			children = (
				CCD87FDA92EBA27D5AF08E70 /* Pods-mapKitPractice.debug.xcconfig */,
				E217CC148FE33CBC6ADD7B2C /* Pods-mapKitPractice.release.xcconfig */,
			);
			path = Pods;
			sourceTree = "<group>";
		};
/* End PBXGroup section */

/* Begin PBXNativeTarget section */
		66597816271822E000385F71 /* mapKitPractice */ = {
			isa = PBXNativeTarget;
			buildConfigurationList = 6659782B271822E400385F71 /* Build configuration list for PBXNativeTarget "mapKitPractice" */;
			buildPhases = (
				523F68A88828A6A714261274 /* [CP] Check Pods Manifest.lock */,
				66597813271822E000385F71 /* Sources */,
				66597814271822E000385F71 /* Frameworks */,
				66597815271822E000385F71 /* Resources */,
				B8C611984725A515AC3418B4 /* [CP] Embed Pods Frameworks */,
			);
			buildRules = (
			);
			dependencies = (
			);
			name = mapKitPractice;
			packageProductDependencies = (
				668F878B273D2AC100C96694 /* FirebaseAppDistribution-Beta */,
				668F878D273D2AC100C96694 /* FirebaseInAppMessaging-Beta */,
				668F878F273D2AC100C96694 /* FirebaseAnalyticsSwift-Beta */,
				668F8791273D2AC100C96694 /* FirebaseAnalyticsWithoutAdIdSupport */,
				668F8793273D2AC100C96694 /* FirebaseFirestore */,
				668F8795273D2AC100C96694 /* FirebaseAuthCombine-Community */,
				668F8797273D2AC100C96694 /* FirebaseInstallations */,
				668F8799273D2AC100C96694 /* FirebaseFunctionsCombine-Community */,
				668F879B273D2AC100C96694 /* FirebaseFirestoreSwift-Beta */,
				668F879D273D2AC100C96694 /* FirebaseAnalytics */,
				668F879F273D2AC100C96694 /* FirebaseDatabase */,
				668F87A1273D2AC100C96694 /* FirebasePerformance */,
				668F87A3273D2AC100C96694 /* FirebaseRemoteConfig */,
				668F87A5273D2AC100C96694 /* FirebaseAppCheck */,
				668F87A7273D2AC100C96694 /* FirebaseStorageCombine-Community */,
				668F87A9273D2AC100C96694 /* FirebaseAuth */,
				668F87AB273D2AC100C96694 /* FirebaseInAppMessagingSwift-Beta */,
				668F87AD273D2AC100C96694 /* FirebaseDatabaseSwift-Beta */,
				668F87AF273D2AC100C96694 /* FirebaseStorageSwift-Beta */,
				668F87B1273D2AC100C96694 /* FirebaseMLModelDownloader */,
				668F87B3273D2AC100C96694 /* FirebaseCrashlytics */,
				668F87B5273D2AC100C96694 /* FirebaseMessaging */,
				668F87B7273D2AC100C96694 /* FirebaseStorage */,
				668F87B9273D2AC100C96694 /* FirebaseDynamicLinks */,
				668F87BB273D2AC100C96694 /* FirebaseFunctions */,
				668F87BD273D2AC100C96694 /* FirebaseFirestoreCombine-Community */,
			);
			productName = mapKitPractice;
			productReference = 66597817271822E000385F71 /* mapKitPractice.app */;
			productType = "com.apple.product-type.application";
		};
/* End PBXNativeTarget section */

/* Begin PBXProject section */
		6659780F271822E000385F71 /* Project object */ = {
			isa = PBXProject;
			attributes = {
				LastSwiftUpdateCheck = 1250;
				LastUpgradeCheck = 1250;
				TargetAttributes = {
					66597816271822E000385F71 = {
						CreatedOnToolsVersion = 12.5.1;
					};
				};
			};
			buildConfigurationList = 66597812271822E000385F71 /* Build configuration list for PBXProject "mapKitPractice" */;
			compatibilityVersion = "Xcode 9.3";
			developmentRegion = en;
			hasScannedForEncodings = 0;
			knownRegions = (
				en,
				Base,
			);
			mainGroup = 6659780E271822E000385F71;
			packageReferences = (
				668F878A273D2AC100C96694 /* XCRemoteSwiftPackageReference "firebase-ios-sdk" */,
			);
			productRefGroup = 66597818271822E000385F71 /* Products */;
			projectDirPath = "";
			projectRoot = "";
			targets = (
				66597816271822E000385F71 /* mapKitPractice */,
			);
		};
/* End PBXProject section */

/* Begin PBXResourcesBuildPhase section */
		66597815271822E000385F71 /* Resources */ = {
			isa = PBXResourcesBuildPhase;
			buildActionMask = 2147483647;
			files = (
				6611900E272DF8FB006B94FA /* Nunito-Regular.ttf in Resources */,
				66597827271822E400385F71 /* LaunchScreen.storyboard in Resources */,
				6683CC81271D66F30056ED55 /* GoogleService-Info.plist in Resources */,
				66597824271822E400385F71 /* Assets.xcassets in Resources */,
				66597822271822E000385F71 /* Main.storyboard in Resources */,
			);
			runOnlyForDeploymentPostprocessing = 0;
		};
/* End PBXResourcesBuildPhase section */

/* Begin PBXShellScriptBuildPhase section */
		523F68A88828A6A714261274 /* [CP] Check Pods Manifest.lock */ = {
			isa = PBXShellScriptBuildPhase;
			buildActionMask = 2147483647;
			files = (
			);
			inputFileListPaths = (
			);
			inputPaths = (
				"${PODS_PODFILE_DIR_PATH}/Podfile.lock",
				"${PODS_ROOT}/Manifest.lock",
			);
			name = "[CP] Check Pods Manifest.lock";
			outputFileListPaths = (
			);
			outputPaths = (
				"$(DERIVED_FILE_DIR)/Pods-mapKitPractice-checkManifestLockResult.txt",
			);
			runOnlyForDeploymentPostprocessing = 0;
			shellPath = /bin/sh;
			shellScript = "diff \"${PODS_PODFILE_DIR_PATH}/Podfile.lock\" \"${PODS_ROOT}/Manifest.lock\" > /dev/null\nif [ $? != 0 ] ; then\n    # print error to STDERR\n    echo \"error: The sandbox is not in sync with the Podfile.lock. Run 'pod install' or update your CocoaPods installation.\" >&2\n    exit 1\nfi\n# This output is used by Xcode 'outputs' to avoid re-running this script phase.\necho \"SUCCESS\" > \"${SCRIPT_OUTPUT_FILE_0}\"\n";
			showEnvVarsInLog = 0;
		};
		B8C611984725A515AC3418B4 /* [CP] Embed Pods Frameworks */ = {
			isa = PBXShellScriptBuildPhase;
			buildActionMask = 2147483647;
			files = (
			);
			inputFileListPaths = (
				"${PODS_ROOT}/Target Support Files/Pods-mapKitPractice/Pods-mapKitPractice-frameworks-${CONFIGURATION}-input-files.xcfilelist",
			);
			name = "[CP] Embed Pods Frameworks";
			outputFileListPaths = (
				"${PODS_ROOT}/Target Support Files/Pods-mapKitPractice/Pods-mapKitPractice-frameworks-${CONFIGURATION}-output-files.xcfilelist",
			);
			runOnlyForDeploymentPostprocessing = 0;
			shellPath = /bin/sh;
			shellScript = "\"${PODS_ROOT}/Target Support Files/Pods-mapKitPractice/Pods-mapKitPractice-frameworks.sh\"\n";
			showEnvVarsInLog = 0;
		};
/* End PBXShellScriptBuildPhase section */

/* Begin PBXSourcesBuildPhase section */
		66597813271822E000385F71 /* Sources */ = {
			isa = PBXSourcesBuildPhase;
			buildActionMask = 2147483647;
			files = (
				665185E7273AC6AB00899019 /* Photo.swift in Sources */,
				6683CC7B271D646A0056ED55 /* LoginViewController.swift in Sources */,
				664FB1BA273D6A44001524BF /* SpotDetailViewController.swift in Sources */,
				66C9FB882721DAD000A05FAA /* Spots.swift in Sources */,
				66C9FB862721814700A05FAA /* myTableViewCell.swift in Sources */,
				6663884627286340008AE2D3 /* UIViewController+currentDate.swift in Sources */,
				665185E427396F6800899019 /* UIViewController+getCurrentUsername.swift in Sources */,
				667B90C22779A1850016F24D /* UserLocationManager.swift in Sources */,
				6622A4C92741296B001D8588 /* MyCollectionViewCell.swift in Sources */,
				669DC2D0273407A900F5999E /* Review.swift in Sources */,
				669DC2D22734113800F5999E /* Reviews.swift in Sources */,
				66C9FB8E2728190B00A05FAA /* UIViewController+alert.swift in Sources */,
				6683CC7D271D64F20056ED55 /* CustomUI.swift in Sources */,
				6683CC662719B76F0056ED55 /* AddressSingelton.swift in Sources */,
				6683CC7A271D646A0056ED55 /* SignUpViewController.swift in Sources */,
				6659781F271822E000385F71 /* ViewController.swift in Sources */,
				66C9FB8A2724862B00A05FAA /* UIViewController+avtivityIndicator.swift in Sources */,
				66C9FB8427217E3A00A05FAA /* KayyarTableViewController.swift in Sources */,
				6659781B271822E000385F71 /* AppDelegate.swift in Sources */,
				6622A4C727412594001D8588 /* Photos.swift in Sources */,
				669DC2CD2733FED200F5999E /* ReviewViewController.swift in Sources */,
				665185E22737D34A00899019 /* ReviewTableViewCell.swift in Sources */,
				6659781D271822E000385F71 /* SceneDelegate.swift in Sources */,
				6683CC84271D68CA0056ED55 /* Spot.swift in Sources */,
				6683CC79271D646A0056ED55 /* HomeViewController.swift in Sources */,
				6683CC64271994870056ED55 /* ContentViewController.swift in Sources */,
			);
			runOnlyForDeploymentPostprocessing = 0;
		};
/* End PBXSourcesBuildPhase section */

/* Begin PBXVariantGroup section */
		66597820271822E000385F71 /* Main.storyboard */ = {
			isa = PBXVariantGroup;
			children = (
				66597821271822E000385F71 /* Base */,
			);
			name = Main.storyboard;
			sourceTree = "<group>";
		};
		66597825271822E400385F71 /* LaunchScreen.storyboard */ = {
			isa = PBXVariantGroup;
			children = (
				66597826271822E400385F71 /* Base */,
			);
			name = LaunchScreen.storyboard;
			sourceTree = "<group>";
		};
/* End PBXVariantGroup section */

/* Begin XCBuildConfiguration section */
		66597829271822E400385F71 /* Debug */ = {
			isa = XCBuildConfiguration;
			buildSettings = {
				ALWAYS_SEARCH_USER_PATHS = NO;
				CLANG_ANALYZER_NONNULL = YES;
				CLANG_ANALYZER_NUMBER_OBJECT_CONVERSION = YES_AGGRESSIVE;
				CLANG_CXX_LANGUAGE_STANDARD = "gnu++14";
				CLANG_CXX_LIBRARY = "libc++";
				CLANG_ENABLE_MODULES = YES;
				CLANG_ENABLE_OBJC_ARC = YES;
				CLANG_ENABLE_OBJC_WEAK = YES;
				CLANG_WARN_BLOCK_CAPTURE_AUTORELEASING = YES;
				CLANG_WARN_BOOL_CONVERSION = YES;
				CLANG_WARN_COMMA = YES;
				CLANG_WARN_CONSTANT_CONVERSION = YES;
				CLANG_WARN_DEPRECATED_OBJC_IMPLEMENTATIONS = YES;
				CLANG_WARN_DIRECT_OBJC_ISA_USAGE = YES_ERROR;
				CLANG_WARN_DOCUMENTATION_COMMENTS = YES;
				CLANG_WARN_EMPTY_BODY = YES;
				CLANG_WARN_ENUM_CONVERSION = YES;
				CLANG_WARN_INFINITE_RECURSION = YES;
				CLANG_WARN_INT_CONVERSION = YES;
				CLANG_WARN_NON_LITERAL_NULL_CONVERSION = YES;
				CLANG_WARN_OBJC_IMPLICIT_RETAIN_SELF = YES;
				CLANG_WARN_OBJC_LITERAL_CONVERSION = YES;
				CLANG_WARN_OBJC_ROOT_CLASS = YES_ERROR;
				CLANG_WARN_QUOTED_INCLUDE_IN_FRAMEWORK_HEADER = YES;
				CLANG_WARN_RANGE_LOOP_ANALYSIS = YES;
				CLANG_WARN_STRICT_PROTOTYPES = YES;
				CLANG_WARN_SUSPICIOUS_MOVE = YES;
				CLANG_WARN_UNGUARDED_AVAILABILITY = YES_AGGRESSIVE;
				CLANG_WARN_UNREACHABLE_CODE = YES;
				CLANG_WARN__DUPLICATE_METHOD_MATCH = YES;
				COPY_PHASE_STRIP = NO;
				DEBUG_INFORMATION_FORMAT = dwarf;
				ENABLE_STRICT_OBJC_MSGSEND = YES;
				ENABLE_TESTABILITY = YES;
				GCC_C_LANGUAGE_STANDARD = gnu11;
				GCC_DYNAMIC_NO_PIC = NO;
				GCC_NO_COMMON_BLOCKS = YES;
				GCC_OPTIMIZATION_LEVEL = 0;
				GCC_PREPROCESSOR_DEFINITIONS = (
					"DEBUG=1",
					"$(inherited)",
				);
				GCC_WARN_64_TO_32_BIT_CONVERSION = YES;
				GCC_WARN_ABOUT_RETURN_TYPE = YES_ERROR;
				GCC_WARN_UNDECLARED_SELECTOR = YES;
				GCC_WARN_UNINITIALIZED_AUTOS = YES_AGGRESSIVE;
				GCC_WARN_UNUSED_FUNCTION = YES;
				GCC_WARN_UNUSED_VARIABLE = YES;
				IPHONEOS_DEPLOYMENT_TARGET = 14.5;
				MTL_ENABLE_DEBUG_INFO = INCLUDE_SOURCE;
				MTL_FAST_MATH = YES;
				ONLY_ACTIVE_ARCH = YES;
				SDKROOT = iphoneos;
				SWIFT_ACTIVE_COMPILATION_CONDITIONS = DEBUG;
				SWIFT_OPTIMIZATION_LEVEL = "-Onone";
			};
			name = Debug;
		};
		6659782A271822E400385F71 /* Release */ = {
			isa = XCBuildConfiguration;
			buildSettings = {
				ALWAYS_SEARCH_USER_PATHS = NO;
				CLANG_ANALYZER_NONNULL = YES;
				CLANG_ANALYZER_NUMBER_OBJECT_CONVERSION = YES_AGGRESSIVE;
				CLANG_CXX_LANGUAGE_STANDARD = "gnu++14";
				CLANG_CXX_LIBRARY = "libc++";
				CLANG_ENABLE_MODULES = YES;
				CLANG_ENABLE_OBJC_ARC = YES;
				CLANG_ENABLE_OBJC_WEAK = YES;
				CLANG_WARN_BLOCK_CAPTURE_AUTORELEASING = YES;
				CLANG_WARN_BOOL_CONVERSION = YES;
				CLANG_WARN_COMMA = YES;
				CLANG_WARN_CONSTANT_CONVERSION = YES;
				CLANG_WARN_DEPRECATED_OBJC_IMPLEMENTATIONS = YES;
				CLANG_WARN_DIRECT_OBJC_ISA_USAGE = YES_ERROR;
				CLANG_WARN_DOCUMENTATION_COMMENTS = YES;
				CLANG_WARN_EMPTY_BODY = YES;
				CLANG_WARN_ENUM_CONVERSION = YES;
				CLANG_WARN_INFINITE_RECURSION = YES;
				CLANG_WARN_INT_CONVERSION = YES;
				CLANG_WARN_NON_LITERAL_NULL_CONVERSION = YES;
				CLANG_WARN_OBJC_IMPLICIT_RETAIN_SELF = YES;
				CLANG_WARN_OBJC_LITERAL_CONVERSION = YES;
				CLANG_WARN_OBJC_ROOT_CLASS = YES_ERROR;
				CLANG_WARN_QUOTED_INCLUDE_IN_FRAMEWORK_HEADER = YES;
				CLANG_WARN_RANGE_LOOP_ANALYSIS = YES;
				CLANG_WARN_STRICT_PROTOTYPES = YES;
				CLANG_WARN_SUSPICIOUS_MOVE = YES;
				CLANG_WARN_UNGUARDED_AVAILABILITY = YES_AGGRESSIVE;
				CLANG_WARN_UNREACHABLE_CODE = YES;
				CLANG_WARN__DUPLICATE_METHOD_MATCH = YES;
				COPY_PHASE_STRIP = NO;
				DEBUG_INFORMATION_FORMAT = "dwarf-with-dsym";
				ENABLE_NS_ASSERTIONS = NO;
				ENABLE_STRICT_OBJC_MSGSEND = YES;
				GCC_C_LANGUAGE_STANDARD = gnu11;
				GCC_NO_COMMON_BLOCKS = YES;
				GCC_WARN_64_TO_32_BIT_CONVERSION = YES;
				GCC_WARN_ABOUT_RETURN_TYPE = YES_ERROR;
				GCC_WARN_UNDECLARED_SELECTOR = YES;
				GCC_WARN_UNINITIALIZED_AUTOS = YES_AGGRESSIVE;
				GCC_WARN_UNUSED_FUNCTION = YES;
				GCC_WARN_UNUSED_VARIABLE = YES;
				IPHONEOS_DEPLOYMENT_TARGET = 14.5;
				MTL_ENABLE_DEBUG_INFO = NO;
				MTL_FAST_MATH = YES;
				SDKROOT = iphoneos;
				SWIFT_COMPILATION_MODE = wholemodule;
				SWIFT_OPTIMIZATION_LEVEL = "-O";
				VALIDATE_PRODUCT = YES;
			};
			name = Release;
		};
		6659782C271822E400385F71 /* Debug */ = {
			isa = XCBuildConfiguration;
			baseConfigurationReference = CCD87FDA92EBA27D5AF08E70 /* Pods-mapKitPractice.debug.xcconfig */;
			buildSettings = {
				ASSETCATALOG_COMPILER_APPICON_NAME = AppIcon;
				ASSETCATALOG_COMPILER_GLOBAL_ACCENT_COLOR_NAME = AccentColor;
				CODE_SIGN_STYLE = Automatic;
				DEVELOPMENT_TEAM = W9X6CS5GN5;
				INFOPLIST_FILE = mapKitPractice/Info.plist;
				LD_RUNPATH_SEARCH_PATHS = (
					"$(inherited)",
					"@executable_path/Frameworks",
				);
				PRODUCT_BUNDLE_IDENTIFIER = com.basemelkady.mapKitPractice;
				PRODUCT_NAME = "$(TARGET_NAME)";
				SWIFT_VERSION = 5.0;
				TARGETED_DEVICE_FAMILY = "1,2";
			};
			name = Debug;
		};
		6659782D271822E400385F71 /* Release */ = {
			isa = XCBuildConfiguration;
			baseConfigurationReference = E217CC148FE33CBC6ADD7B2C /* Pods-mapKitPractice.release.xcconfig */;
			buildSettings = {
				ASSETCATALOG_COMPILER_APPICON_NAME = AppIcon;
				ASSETCATALOG_COMPILER_GLOBAL_ACCENT_COLOR_NAME = AccentColor;
				CODE_SIGN_STYLE = Automatic;
				DEVELOPMENT_TEAM = W9X6CS5GN5;
				INFOPLIST_FILE = mapKitPractice/Info.plist;
				LD_RUNPATH_SEARCH_PATHS = (
					"$(inherited)",
					"@executable_path/Frameworks",
				);
				PRODUCT_BUNDLE_IDENTIFIER = com.basemelkady.mapKitPractice;
				PRODUCT_NAME = "$(TARGET_NAME)";
				SWIFT_VERSION = 5.0;
				TARGETED_DEVICE_FAMILY = "1,2";
			};
			name = Release;
		};
/* End XCBuildConfiguration section */

/* Begin XCConfigurationList section */
		66597812271822E000385F71 /* Build configuration list for PBXProject "mapKitPractice" */ = {
			isa = XCConfigurationList;
			buildConfigurations = (
				66597829271822E400385F71 /* Debug */,
				6659782A271822E400385F71 /* Release */,
			);
			defaultConfigurationIsVisible = 0;
			defaultConfigurationName = Release;
		};
		6659782B271822E400385F71 /* Build configuration list for PBXNativeTarget "mapKitPractice" */ = {
			isa = XCConfigurationList;
			buildConfigurations = (
				6659782C271822E400385F71 /* Debug */,
				6659782D271822E400385F71 /* Release */,
			);
			defaultConfigurationIsVisible = 0;
			defaultConfigurationName = Release;
		};
/* End XCConfigurationList section */

/* Begin XCRemoteSwiftPackageReference section */
		668F878A273D2AC100C96694 /* XCRemoteSwiftPackageReference "firebase-ios-sdk" */ = {
			isa = XCRemoteSwiftPackageReference;
			repositoryURL = "https://github.com/firebase/firebase-ios-sdk.git";
			requirement = {
				kind = upToNextMajorVersion;
				minimumVersion = 8.9.1;
			};
		};
/* End XCRemoteSwiftPackageReference section */

/* Begin XCSwiftPackageProductDependency section */
		668F878B273D2AC100C96694 /* FirebaseAppDistribution-Beta */ = {
			isa = XCSwiftPackageProductDependency;
			package = 668F878A273D2AC100C96694 /* XCRemoteSwiftPackageReference "firebase-ios-sdk" */;
			productName = "FirebaseAppDistribution-Beta";
		};
		668F878D273D2AC100C96694 /* FirebaseInAppMessaging-Beta */ = {
			isa = XCSwiftPackageProductDependency;
			package = 668F878A273D2AC100C96694 /* XCRemoteSwiftPackageReference "firebase-ios-sdk" */;
			productName = "FirebaseInAppMessaging-Beta";
		};
		668F878F273D2AC100C96694 /* FirebaseAnalyticsSwift-Beta */ = {
			isa = XCSwiftPackageProductDependency;
			package = 668F878A273D2AC100C96694 /* XCRemoteSwiftPackageReference "firebase-ios-sdk" */;
			productName = "FirebaseAnalyticsSwift-Beta";
		};
		668F8791273D2AC100C96694 /* FirebaseAnalyticsWithoutAdIdSupport */ = {
			isa = XCSwiftPackageProductDependency;
			package = 668F878A273D2AC100C96694 /* XCRemoteSwiftPackageReference "firebase-ios-sdk" */;
			productName = FirebaseAnalyticsWithoutAdIdSupport;
		};
		668F8793273D2AC100C96694 /* FirebaseFirestore */ = {
			isa = XCSwiftPackageProductDependency;
			package = 668F878A273D2AC100C96694 /* XCRemoteSwiftPackageReference "firebase-ios-sdk" */;
			productName = FirebaseFirestore;
		};
		668F8795273D2AC100C96694 /* FirebaseAuthCombine-Community */ = {
			isa = XCSwiftPackageProductDependency;
			package = 668F878A273D2AC100C96694 /* XCRemoteSwiftPackageReference "firebase-ios-sdk" */;
			productName = "FirebaseAuthCombine-Community";
		};
		668F8797273D2AC100C96694 /* FirebaseInstallations */ = {
			isa = XCSwiftPackageProductDependency;
			package = 668F878A273D2AC100C96694 /* XCRemoteSwiftPackageReference "firebase-ios-sdk" */;
			productName = FirebaseInstallations;
		};
		668F8799273D2AC100C96694 /* FirebaseFunctionsCombine-Community */ = {
			isa = XCSwiftPackageProductDependency;
			package = 668F878A273D2AC100C96694 /* XCRemoteSwiftPackageReference "firebase-ios-sdk" */;
			productName = "FirebaseFunctionsCombine-Community";
		};
		668F879B273D2AC100C96694 /* FirebaseFirestoreSwift-Beta */ = {
			isa = XCSwiftPackageProductDependency;
			package = 668F878A273D2AC100C96694 /* XCRemoteSwiftPackageReference "firebase-ios-sdk" */;
			productName = "FirebaseFirestoreSwift-Beta";
		};
		668F879D273D2AC100C96694 /* FirebaseAnalytics */ = {
			isa = XCSwiftPackageProductDependency;
			package = 668F878A273D2AC100C96694 /* XCRemoteSwiftPackageReference "firebase-ios-sdk" */;
			productName = FirebaseAnalytics;
		};
		668F879F273D2AC100C96694 /* FirebaseDatabase */ = {
			isa = XCSwiftPackageProductDependency;
			package = 668F878A273D2AC100C96694 /* XCRemoteSwiftPackageReference "firebase-ios-sdk" */;
			productName = FirebaseDatabase;
		};
		668F87A1273D2AC100C96694 /* FirebasePerformance */ = {
			isa = XCSwiftPackageProductDependency;
			package = 668F878A273D2AC100C96694 /* XCRemoteSwiftPackageReference "firebase-ios-sdk" */;
			productName = FirebasePerformance;
		};
		668F87A3273D2AC100C96694 /* FirebaseRemoteConfig */ = {
			isa = XCSwiftPackageProductDependency;
			package = 668F878A273D2AC100C96694 /* XCRemoteSwiftPackageReference "firebase-ios-sdk" */;
			productName = FirebaseRemoteConfig;
		};
		668F87A5273D2AC100C96694 /* FirebaseAppCheck */ = {
			isa = XCSwiftPackageProductDependency;
			package = 668F878A273D2AC100C96694 /* XCRemoteSwiftPackageReference "firebase-ios-sdk" */;
			productName = FirebaseAppCheck;
		};
		668F87A7273D2AC100C96694 /* FirebaseStorageCombine-Community */ = {
			isa = XCSwiftPackageProductDependency;
			package = 668F878A273D2AC100C96694 /* XCRemoteSwiftPackageReference "firebase-ios-sdk" */;
			productName = "FirebaseStorageCombine-Community";
		};
		668F87A9273D2AC100C96694 /* FirebaseAuth */ = {
			isa = XCSwiftPackageProductDependency;
			package = 668F878A273D2AC100C96694 /* XCRemoteSwiftPackageReference "firebase-ios-sdk" */;
			productName = FirebaseAuth;
		};
		668F87AB273D2AC100C96694 /* FirebaseInAppMessagingSwift-Beta */ = {
			isa = XCSwiftPackageProductDependency;
			package = 668F878A273D2AC100C96694 /* XCRemoteSwiftPackageReference "firebase-ios-sdk" */;
			productName = "FirebaseInAppMessagingSwift-Beta";
		};
		668F87AD273D2AC100C96694 /* FirebaseDatabaseSwift-Beta */ = {
			isa = XCSwiftPackageProductDependency;
			package = 668F878A273D2AC100C96694 /* XCRemoteSwiftPackageReference "firebase-ios-sdk" */;
			productName = "FirebaseDatabaseSwift-Beta";
		};
		668F87AF273D2AC100C96694 /* FirebaseStorageSwift-Beta */ = {
			isa = XCSwiftPackageProductDependency;
			package = 668F878A273D2AC100C96694 /* XCRemoteSwiftPackageReference "firebase-ios-sdk" */;
			productName = "FirebaseStorageSwift-Beta";
		};
		668F87B1273D2AC100C96694 /* FirebaseMLModelDownloader */ = {
			isa = XCSwiftPackageProductDependency;
			package = 668F878A273D2AC100C96694 /* XCRemoteSwiftPackageReference "firebase-ios-sdk" */;
			productName = FirebaseMLModelDownloader;
		};
		668F87B3273D2AC100C96694 /* FirebaseCrashlytics */ = {
			isa = XCSwiftPackageProductDependency;
			package = 668F878A273D2AC100C96694 /* XCRemoteSwiftPackageReference "firebase-ios-sdk" */;
			productName = FirebaseCrashlytics;
		};
		668F87B5273D2AC100C96694 /* FirebaseMessaging */ = {
			isa = XCSwiftPackageProductDependency;
			package = 668F878A273D2AC100C96694 /* XCRemoteSwiftPackageReference "firebase-ios-sdk" */;
			productName = FirebaseMessaging;
		};
		668F87B7273D2AC100C96694 /* FirebaseStorage */ = {
			isa = XCSwiftPackageProductDependency;
			package = 668F878A273D2AC100C96694 /* XCRemoteSwiftPackageReference "firebase-ios-sdk" */;
			productName = FirebaseStorage;
		};
		668F87B9273D2AC100C96694 /* FirebaseDynamicLinks */ = {
			isa = XCSwiftPackageProductDependency;
			package = 668F878A273D2AC100C96694 /* XCRemoteSwiftPackageReference "firebase-ios-sdk" */;
			productName = FirebaseDynamicLinks;
		};
		668F87BB273D2AC100C96694 /* FirebaseFunctions */ = {
			isa = XCSwiftPackageProductDependency;
			package = 668F878A273D2AC100C96694 /* XCRemoteSwiftPackageReference "firebase-ios-sdk" */;
			productName = FirebaseFunctions;
		};
		668F87BD273D2AC100C96694 /* FirebaseFirestoreCombine-Community */ = {
			isa = XCSwiftPackageProductDependency;
			package = 668F878A273D2AC100C96694 /* XCRemoteSwiftPackageReference "firebase-ios-sdk" */;
			productName = "FirebaseFirestoreCombine-Community";
		};
/* End XCSwiftPackageProductDependency section */
	};
	rootObject = 6659780F271822E000385F71 /* Project object */;
}
